
Microsoft Visual Studio Solution File, Format Version 12.00
# Visual Studio Version 17
VisualStudioVersion = 17.14.37012.4
MinimumVisualStudioVersion = 10.0.40219.1
Project("{FAE04EC0-301F-11D3-BF4B-00C04F79EFBC}") = "BlazorDemoShop", "BlazorDemoShop\BlazorDemoShop.csproj", "{FB547D9D-A0A4-43E4-8563-2A719590E23B}"
EndProject
Project("{FAE04EC0-301F-11D3-BF4B-00C04F79EFBC}") = "ApiDemoShop", "ApiDemoShop\ApiDemoShop.csproj", "{C7A65789-8F9E-447F-B8F2-9258CBC80A95}"
EndProject
Project("{FAE04EC0-301F-11D3-BF4B-00C04F79EFBC}") = "LibDemoShop", "LibDemoShop\LibDemoShop.csproj", "{B7E5FC88-FF09-49C7-B273-1F03FAA70343}"
EndProject
Global
	GlobalSection(SolutionConfigurationPlatforms) = preSolution
		Debug|Any CPU = Debug|Any CPU
		Release|Any CPU = Release|Any CPU
	EndGlobalSection
	GlobalSection(ProjectConfigurationPlatforms) = postSolution
		{FB547D9D-A0A4-43E4-8563-2A719590E23B}.Debug|Any CPU.ActiveCfg = Debug|Any CPU
		{FB547D9D-A0A4-43E4-8563-2A719590E23B}.Debug|Any CPU.Build.0 = Debug|Any CPU
		{FB547D9D-A0A4-43E4-8563-2A719590E23B}.Release|Any CPU.ActiveCfg = Release|Any CPU
		{FB547D9D-A0A4-43E4-8563-2A719590E23B}.Release|Any CPU.Build.0 = Release|Any CPU
		{C7A65789-8F9E-447F-B8F2-9258CBC80A95}.Debug|Any CPU.ActiveCfg = Debug|Any CPU
		{C7A65789-8F9E-447F-B8F2-9258CBC80A95}.Debug|Any CPU.Build.0 = Debug|Any CPU
		{C7A65789-8F9E-447F-B8F2-9258CBC80A95}.Release|Any CPU.ActiveCfg = Release|Any CPU
		{C7A65789-8F9E-447F-B8F2-9258CBC80A95}.Release|Any CPU.Build.0 = Release|Any CPU
		{B7E5FC88-FF09-49C7-B273-1F03FAA70343}.Debug|Any CPU.ActiveCfg = Debug|Any CPU
		{B7E5FC88-FF09-49C7-B273-1F03FAA70343}.Debug|Any CPU.Build.0 = Debug|Any CPU
		{B7E5FC88-FF09-49C7-B273-1F03FAA70343}.Release|Any CPU.ActiveCfg = Release|Any CPU
		{B7E5FC88-FF09-49C7-B273-1F03FAA70343}.Release|Any CPU.Build.0 = Release|Any CPU
	EndGlobalSection
	GlobalSection(SolutionProperties) = preSolution
		HideSolutionNode = FALSE
	EndGlobalSection
	GlobalSection(ExtensibilityGlobals) = postSolution
		SolutionGuid = {4B63C83E-DA9F-4A83-82FB-017028960518}
	EndGlobalSection
EndGlobal
